// !$*UTF8*$!
{
	archiveVersion = 1;
	classes = {
	};
	objectVersion = 46;
	objects = {

/* Begin PBXBuildFile section */
		C31B639C1C5A1D0500755914 /* GameController.cpp in Sources */ = {isa = PBXBuildFile; fileRef = C31B635A1C5A1D0500755914 /* GameController.cpp */; };
		C31B639D1C5A1D0500755914 /* AutoReleasePool.cpp in Sources */ = {isa = PBXBuildFile; fileRef = C31B635D1C5A1D0500755914 /* AutoReleasePool.cpp */; };
		C31B639E1C5A1D0500755914 /* BasicPtrClass.cpp in Sources */ = {isa = PBXBuildFile; fileRef = C31B635F1C5A1D0500755914 /* BasicPtrClass.cpp */; };
		C31B639F1C5A1D0500755914 /* ResourceManager.cpp in Sources */ = {isa = PBXBuildFile; fileRef = C31B63611C5A1D0500755914 /* ResourceManager.cpp */; };
		C31B63A01C5A1D0500755914 /* Device.cpp in Sources */ = {isa = PBXBuildFile; fileRef = C31B63651C5A1D0500755914 /* Device.cpp */; };
		C31B63A11C5A1D0500755914 /* ReadFile-ios.mm in Sources */ = {isa = PBXBuildFile; fileRef = C31B63681C5A1D0500755914 /* ReadFile-ios.mm */; };
		C31B63A21C5A1D0500755914 /* Font-ios.mm in Sources */ = {isa = PBXBuildFile; fileRef = C31B636B1C5A1D0500755914 /* Font-ios.mm */; };
		C31B63A31C5A1D0500755914 /* Image-ios.mm in Sources */ = {isa = PBXBuildFile; fileRef = C31B636E1C5A1D0500755914 /* Image-ios.mm */; };
		C31B63A41C5A1D0500755914 /* TimeSchedule.cpp in Sources */ = {isa = PBXBuildFile; fileRef = C31B63701C5A1D0500755914 /* TimeSchedule.cpp */; };
		C31B63A51C5A1D0500755914 /* BasicData2d.cpp in Sources */ = {isa = PBXBuildFile; fileRef = C31B63761C5A1D0500755914 /* BasicData2d.cpp */; };
		C31B63A61C5A1D0500755914 /* MathUtil.cpp in Sources */ = {isa = PBXBuildFile; fileRef = C31B63781C5A1D0500755914 /* MathUtil.cpp */; };
		C31B63A71C5A1D0500755914 /* Matrix.cpp in Sources */ = {isa = PBXBuildFile; fileRef = C31B637B1C5A1D0500755914 /* Matrix.cpp */; };
		C31B63A81C5A1D0500755914 /* Vector3.cpp in Sources */ = {isa = PBXBuildFile; fileRef = C31B637E1C5A1D0500755914 /* Vector3.cpp */; };
		C31B63A91C5A1D0500755914 /* Singleton.cpp in Sources */ = {isa = PBXBuildFile; fileRef = C31B63811C5A1D0500755914 /* Singleton.cpp */; };
		C31B63AA1C5A1D0500755914 /* DrawObject.cpp in Sources */ = {isa = PBXBuildFile; fileRef = C31B63841C5A1D0500755914 /* DrawObject.cpp */; };
		C31B63AB1C5A1D0500755914 /* Label.cpp in Sources */ = {isa = PBXBuildFile; fileRef = C31B63861C5A1D0500755914 /* Label.cpp */; };
		C31B63AC1C5A1D0500755914 /* Object.cpp in Sources */ = {isa = PBXBuildFile; fileRef = C31B63881C5A1D0500755914 /* Object.cpp */; };
		C31B63AD1C5A1D0500755914 /* Scene.cpp in Sources */ = {isa = PBXBuildFile; fileRef = C31B638A1C5A1D0500755914 /* Scene.cpp */; };
		C31B63AE1C5A1D0500755914 /* Sprite.cpp in Sources */ = {isa = PBXBuildFile; fileRef = C31B638C1C5A1D0500755914 /* Sprite.cpp */; };
		C31B63AF1C5A1D0500755914 /* GLESBaseProgram.cpp in Sources */ = {isa = PBXBuildFile; fileRef = C31B638F1C5A1D0500755914 /* GLESBaseProgram.cpp */; };
		C31B63B01C5A1D0500755914 /* GLESCamera.cpp in Sources */ = {isa = PBXBuildFile; fileRef = C31B63911C5A1D0500755914 /* GLESCamera.cpp */; };
		C31B63B11C5A1D0500755914 /* GLESProgram.cpp in Sources */ = {isa = PBXBuildFile; fileRef = C31B63931C5A1D0500755914 /* GLESProgram.cpp */; };
		C31B63B21C5A1D0500755914 /* Mesh.cpp in Sources */ = {isa = PBXBuildFile; fileRef = C31B63961C5A1D0500755914 /* Mesh.cpp */; };
		C31B63B31C5A1D0500755914 /* Renderer.cpp in Sources */ = {isa = PBXBuildFile; fileRef = C31B63981C5A1D0500755914 /* Renderer.cpp */; };
		C31B63B41C5A1D0500755914 /* Texture2D.cpp in Sources */ = {isa = PBXBuildFile; fileRef = C31B639A1C5A1D0500755914 /* Texture2D.cpp */; };
		C31B63C01C5A207800755914 /* ipad-152.png in Resources */ = {isa = PBXBuildFile; fileRef = C31B63BA1C5A207800755914 /* ipad-152.png */; };
		C31B63C11C5A207800755914 /* login@3x.png in Resources */ = {isa = PBXBuildFile; fileRef = C31B63BB1C5A207800755914 /* login@3x.png */; };
		C31B63C21C5A207800755914 /* sale.png in Resources */ = {isa = PBXBuildFile; fileRef = C31B63BC1C5A207800755914 /* sale.png */; };
		C31B63C31C5A207800755914 /* Shader.fsh in Resources */ = {isa = PBXBuildFile; fileRef = C31B63BE1C5A207800755914 /* Shader.fsh */; };
		C31B63C41C5A207800755914 /* Shader.vsh in Resources */ = {isa = PBXBuildFile; fileRef = C31B63BF1C5A207800755914 /* Shader.vsh */; };
		C31B63C61C5A209500755914 /* Default-568h@2x.png in Resources */ = {isa = PBXBuildFile; fileRef = C31B63C51C5A209500755914 /* Default-568h@2x.png */; };
		C35109E61C1C0FC5006BC47D /* Images.xcassets in Resources */ = {isa = PBXBuildFile; fileRef = C35109E51C1C0FC5006BC47D /* Images.xcassets */; };
		C35109EC1C1C2162006BC47D /* Main.storyboard in Resources */ = {isa = PBXBuildFile; fileRef = C35109EA1C1C2162006BC47D /* Main.storyboard */; };
		C36A85391BD2144C0045B7D3 /* main.m in Sources */ = {isa = PBXBuildFile; fileRef = C36A85381BD2144C0045B7D3 /* main.m */; };
		C3882B441C4F8B6100871F16 /* AppDelegate.m in Sources */ = {isa = PBXBuildFile; fileRef = C3882AF61C4F8B6100871F16 /* AppDelegate.m */; };
		C3882B591C4F8B6100871F16 /* FFBViewController.mm in Sources */ = {isa = PBXBuildFile; fileRef = C3882B2B1C4F8B6100871F16 /* FFBViewController.mm */; };
		C3882B691C4F8BDB00871F16 /* GameScene.cpp in Sources */ = {isa = PBXBuildFile; fileRef = C3882B671C4F8BDB00871F16 /* GameScene.cpp */; };
/* End PBXBuildFile section */

/* Begin PBXFileReference section */
		C31B635A1C5A1D0500755914 /* GameController.cpp */ = {isa = PBXFileReference; fileEncoding = 4; lastKnownFileType = sourcecode.cpp.cpp; path = GameController.cpp; sourceTree = "<group>"; };
		C31B635B1C5A1D0500755914 /* GameController.hpp */ = {isa = PBXFileReference; fileEncoding = 4; lastKnownFileType = sourcecode.cpp.h; path = GameController.hpp; sourceTree = "<group>"; };
		C31B635D1C5A1D0500755914 /* AutoReleasePool.cpp */ = {isa = PBXFileReference; fileEncoding = 4; lastKnownFileType = sourcecode.cpp.cpp; path = AutoReleasePool.cpp; sourceTree = "<group>"; };
		C31B635E1C5A1D0500755914 /* AutoReleasePool.hpp */ = {isa = PBXFileReference; fileEncoding = 4; lastKnownFileType = sourcecode.cpp.h; path = AutoReleasePool.hpp; sourceTree = "<group>"; };
		C31B635F1C5A1D0500755914 /* BasicPtrClass.cpp */ = {isa = PBXFileReference; fileEncoding = 4; lastKnownFileType = sourcecode.cpp.cpp; path = BasicPtrClass.cpp; sourceTree = "<group>"; };
		C31B63601C5A1D0500755914 /* BasicPtrClass.hpp */ = {isa = PBXFileReference; fileEncoding = 4; lastKnownFileType = sourcecode.cpp.h; path = BasicPtrClass.hpp; sourceTree = "<group>"; };
		C31B63611C5A1D0500755914 /* ResourceManager.cpp */ = {isa = PBXFileReference; fileEncoding = 4; lastKnownFileType = sourcecode.cpp.cpp; path = ResourceManager.cpp; sourceTree = "<group>"; };
		C31B63621C5A1D0500755914 /* ResourceManager.hpp */ = {isa = PBXFileReference; fileEncoding = 4; lastKnownFileType = sourcecode.cpp.h; path = ResourceManager.hpp; sourceTree = "<group>"; };
		C31B63651C5A1D0500755914 /* Device.cpp */ = {isa = PBXFileReference; fileEncoding = 4; lastKnownFileType = sourcecode.cpp.cpp; path = Device.cpp; sourceTree = "<group>"; };
		C31B63661C5A1D0500755914 /* Device.hpp */ = {isa = PBXFileReference; fileEncoding = 4; lastKnownFileType = sourcecode.cpp.h; path = Device.hpp; sourceTree = "<group>"; };
		C31B63681C5A1D0500755914 /* ReadFile-ios.mm */ = {isa = PBXFileReference; fileEncoding = 4; lastKnownFileType = sourcecode.cpp.objcpp; path = "ReadFile-ios.mm"; sourceTree = "<group>"; };
		C31B63691C5A1D0500755914 /* ReadFile.h */ = {isa = PBXFileReference; fileEncoding = 4; lastKnownFileType = sourcecode.c.h; path = ReadFile.h; sourceTree = "<group>"; };
		C31B636B1C5A1D0500755914 /* Font-ios.mm */ = {isa = PBXFileReference; fileEncoding = 4; lastKnownFileType = sourcecode.cpp.objcpp; path = "Font-ios.mm"; sourceTree = "<group>"; };
		C31B636C1C5A1D0500755914 /* Font.h */ = {isa = PBXFileReference; fileEncoding = 4; lastKnownFileType = sourcecode.c.h; path = Font.h; sourceTree = "<group>"; };
		C31B636E1C5A1D0500755914 /* Image-ios.mm */ = {isa = PBXFileReference; fileEncoding = 4; lastKnownFileType = sourcecode.cpp.objcpp; path = "Image-ios.mm"; sourceTree = "<group>"; };
		C31B636F1C5A1D0500755914 /* Image.h */ = {isa = PBXFileReference; fileEncoding = 4; lastKnownFileType = sourcecode.c.h; path = Image.h; sourceTree = "<group>"; };
		C31B63701C5A1D0500755914 /* TimeSchedule.cpp */ = {isa = PBXFileReference; fileEncoding = 4; lastKnownFileType = sourcecode.cpp.cpp; path = TimeSchedule.cpp; sourceTree = "<group>"; };
		C31B63711C5A1D0500755914 /* TimeSchedule.hpp */ = {isa = PBXFileReference; fileEncoding = 4; lastKnownFileType = sourcecode.cpp.h; path = TimeSchedule.hpp; sourceTree = "<group>"; };
		C31B63731C5A1D0500755914 /* FlyFishBird.h */ = {isa = PBXFileReference; fileEncoding = 4; lastKnownFileType = sourcecode.c.h; path = FlyFishBird.h; sourceTree = "<group>"; };
		C31B63741C5A1D0500755914 /* Macro.h */ = {isa = PBXFileReference; fileEncoding = 4; lastKnownFileType = sourcecode.c.h; path = Macro.h; sourceTree = "<group>"; };
		C31B63761C5A1D0500755914 /* BasicData2d.cpp */ = {isa = PBXFileReference; fileEncoding = 4; lastKnownFileType = sourcecode.cpp.cpp; path = BasicData2d.cpp; sourceTree = "<group>"; };
		C31B63771C5A1D0500755914 /* BasicData2d.h */ = {isa = PBXFileReference; fileEncoding = 4; lastKnownFileType = sourcecode.c.h; path = BasicData2d.h; sourceTree = "<group>"; };
		C31B63781C5A1D0500755914 /* MathUtil.cpp */ = {isa = PBXFileReference; fileEncoding = 4; lastKnownFileType = sourcecode.cpp.cpp; path = MathUtil.cpp; sourceTree = "<group>"; };
		C31B63791C5A1D0500755914 /* MathUtil.hpp */ = {isa = PBXFileReference; fileEncoding = 4; lastKnownFileType = sourcecode.cpp.h; path = MathUtil.hpp; sourceTree = "<group>"; };
		C31B637A1C5A1D0500755914 /* MathUtile.h */ = {isa = PBXFileReference; fileEncoding = 4; lastKnownFileType = sourcecode.c.h; path = MathUtile.h; sourceTree = "<group>"; };
		C31B637B1C5A1D0500755914 /* Matrix.cpp */ = {isa = PBXFileReference; fileEncoding = 4; lastKnownFileType = sourcecode.cpp.cpp; path = Matrix.cpp; sourceTree = "<group>"; };
		C31B637C1C5A1D0500755914 /* Matrix.h */ = {isa = PBXFileReference; fileEncoding = 4; lastKnownFileType = sourcecode.c.h; path = Matrix.h; sourceTree = "<group>"; };
		C31B637D1C5A1D0500755914 /* SimpleMath.h */ = {isa = PBXFileReference; fileEncoding = 4; lastKnownFileType = sourcecode.c.h; path = SimpleMath.h; sourceTree = "<group>"; };
		C31B637E1C5A1D0500755914 /* Vector3.cpp */ = {isa = PBXFileReference; fileEncoding = 4; lastKnownFileType = sourcecode.cpp.cpp; path = Vector3.cpp; sourceTree = "<group>"; };
		C31B637F1C5A1D0500755914 /* Vector3.hpp */ = {isa = PBXFileReference; fileEncoding = 4; lastKnownFileType = sourcecode.cpp.h; path = Vector3.hpp; sourceTree = "<group>"; };
		C31B63811C5A1D0500755914 /* Singleton.cpp */ = {isa = PBXFileReference; fileEncoding = 4; lastKnownFileType = sourcecode.cpp.cpp; path = Singleton.cpp; sourceTree = "<group>"; };
		C31B63821C5A1D0500755914 /* Singleton.hpp */ = {isa = PBXFileReference; fileEncoding = 4; lastKnownFileType = sourcecode.cpp.h; path = Singleton.hpp; sourceTree = "<group>"; };
		C31B63841C5A1D0500755914 /* DrawObject.cpp */ = {isa = PBXFileReference; fileEncoding = 4; lastKnownFileType = sourcecode.cpp.cpp; path = DrawObject.cpp; sourceTree = "<group>"; };
		C31B63851C5A1D0500755914 /* DrawObject.hpp */ = {isa = PBXFileReference; fileEncoding = 4; lastKnownFileType = sourcecode.cpp.h; path = DrawObject.hpp; sourceTree = "<group>"; };
		C31B63861C5A1D0500755914 /* Label.cpp */ = {isa = PBXFileReference; fileEncoding = 4; lastKnownFileType = sourcecode.cpp.cpp; path = Label.cpp; sourceTree = "<group>"; };
		C31B63871C5A1D0500755914 /* Label.hpp */ = {isa = PBXFileReference; fileEncoding = 4; lastKnownFileType = sourcecode.cpp.h; path = Label.hpp; sourceTree = "<group>"; };
		C31B63881C5A1D0500755914 /* Object.cpp */ = {isa = PBXFileReference; fileEncoding = 4; lastKnownFileType = sourcecode.cpp.cpp; path = Object.cpp; sourceTree = "<group>"; };
		C31B63891C5A1D0500755914 /* Object.hpp */ = {isa = PBXFileReference; fileEncoding = 4; lastKnownFileType = sourcecode.cpp.h; path = Object.hpp; sourceTree = "<group>"; };
		C31B638A1C5A1D0500755914 /* Scene.cpp */ = {isa = PBXFileReference; fileEncoding = 4; lastKnownFileType = sourcecode.cpp.cpp; path = Scene.cpp; sourceTree = "<group>"; };
		C31B638B1C5A1D0500755914 /* Scene.hpp */ = {isa = PBXFileReference; fileEncoding = 4; lastKnownFileType = sourcecode.cpp.h; path = Scene.hpp; sourceTree = "<group>"; };
		C31B638C1C5A1D0500755914 /* Sprite.cpp */ = {isa = PBXFileReference; fileEncoding = 4; lastKnownFileType = sourcecode.cpp.cpp; path = Sprite.cpp; sourceTree = "<group>"; };
		C31B638D1C5A1D0500755914 /* Sprite.hpp */ = {isa = PBXFileReference; fileEncoding = 4; lastKnownFileType = sourcecode.cpp.h; path = Sprite.hpp; sourceTree = "<group>"; };
		C31B638F1C5A1D0500755914 /* GLESBaseProgram.cpp */ = {isa = PBXFileReference; fileEncoding = 4; lastKnownFileType = sourcecode.cpp.cpp; path = GLESBaseProgram.cpp; sourceTree = "<group>"; };
		C31B63901C5A1D0500755914 /* GLESBaseProgram.hpp */ = {isa = PBXFileReference; fileEncoding = 4; lastKnownFileType = sourcecode.cpp.h; path = GLESBaseProgram.hpp; sourceTree = "<group>"; };
		C31B63911C5A1D0500755914 /* GLESCamera.cpp */ = {isa = PBXFileReference; fileEncoding = 4; lastKnownFileType = sourcecode.cpp.cpp; path = GLESCamera.cpp; sourceTree = "<group>"; };
		C31B63921C5A1D0500755914 /* GLESCamera.hpp */ = {isa = PBXFileReference; fileEncoding = 4; lastKnownFileType = sourcecode.cpp.h; path = GLESCamera.hpp; sourceTree = "<group>"; };
		C31B63931C5A1D0500755914 /* GLESProgram.cpp */ = {isa = PBXFileReference; fileEncoding = 4; lastKnownFileType = sourcecode.cpp.cpp; path = GLESProgram.cpp; sourceTree = "<group>"; };
		C31B63941C5A1D0500755914 /* GLESProgram.hpp */ = {isa = PBXFileReference; fileEncoding = 4; lastKnownFileType = sourcecode.cpp.h; path = GLESProgram.hpp; sourceTree = "<group>"; };
		C31B63961C5A1D0500755914 /* Mesh.cpp */ = {isa = PBXFileReference; fileEncoding = 4; lastKnownFileType = sourcecode.cpp.cpp; path = Mesh.cpp; sourceTree = "<group>"; };
		C31B63971C5A1D0500755914 /* Mesh.hpp */ = {isa = PBXFileReference; fileEncoding = 4; lastKnownFileType = sourcecode.cpp.h; path = Mesh.hpp; sourceTree = "<group>"; };
		C31B63981C5A1D0500755914 /* Renderer.cpp */ = {isa = PBXFileReference; fileEncoding = 4; lastKnownFileType = sourcecode.cpp.cpp; path = Renderer.cpp; sourceTree = "<group>"; };
		C31B63991C5A1D0500755914 /* Renderer.hpp */ = {isa = PBXFileReference; fileEncoding = 4; lastKnownFileType = sourcecode.cpp.h; path = Renderer.hpp; sourceTree = "<group>"; };
		C31B639A1C5A1D0500755914 /* Texture2D.cpp */ = {isa = PBXFileReference; fileEncoding = 4; lastKnownFileType = sourcecode.cpp.cpp; path = Texture2D.cpp; sourceTree = "<group>"; };
		C31B639B1C5A1D0500755914 /* Texture2D.hpp */ = {isa = PBXFileReference; fileEncoding = 4; lastKnownFileType = sourcecode.cpp.h; path = Texture2D.hpp; sourceTree = "<group>"; };
		C31B63BA1C5A207800755914 /* ipad-152.png */ = {isa = PBXFileReference; lastKnownFileType = image.png; path = "ipad-152.png"; sourceTree = "<group>"; };
		C31B63BB1C5A207800755914 /* login@3x.png */ = {isa = PBXFileReference; lastKnownFileType = image.png; path = "login@3x.png"; sourceTree = "<group>"; };
		C31B63BC1C5A207800755914 /* sale.png */ = {isa = PBXFileReference; lastKnownFileType = image.png; path = sale.png; sourceTree = "<group>"; };
		C31B63BE1C5A207800755914 /* Shader.fsh */ = {isa = PBXFileReference; fileEncoding = 4; lastKnownFileType = sourcecode.glsl; path = Shader.fsh; sourceTree = "<group>"; };
		C31B63BF1C5A207800755914 /* Shader.vsh */ = {isa = PBXFileReference; fileEncoding = 4; lastKnownFileType = sourcecode.glsl; path = Shader.vsh; sourceTree = "<group>"; };
		C31B63C51C5A209500755914 /* Default-568h@2x.png */ = {isa = PBXFileReference; lastKnownFileType = image.png; path = "Default-568h@2x.png"; sourceTree = "<group>"; };
		C35109E51C1C0FC5006BC47D /* Images.xcassets */ = {isa = PBXFileReference; lastKnownFileType = folder.assetcatalog; path = Images.xcassets; sourceTree = "<group>"; };
		C35109EA1C1C2162006BC47D /* Main.storyboard */ = {isa = PBXFileReference; fileEncoding = 4; lastKnownFileType = file.storyboard; path = Main.storyboard; sourceTree = "<group>"; };
		C36A85341BD2144C0045B7D3 /* FlyFishBirdEngine.app */ = {isa = PBXFileReference; explicitFileType = wrapper.application; includeInIndex = 0; path = FlyFishBirdEngine.app; sourceTree = BUILT_PRODUCTS_DIR; };
		C36A85381BD2144C0045B7D3 /* main.m */ = {isa = PBXFileReference; lastKnownFileType = sourcecode.c.objc; path = main.m; sourceTree = "<group>"; };
		C36A85481BD2144C0045B7D3 /* Info.plist */ = {isa = PBXFileReference; lastKnownFileType = text.plist.xml; path = Info.plist; sourceTree = "<group>"; };
		C3882AF51C4F8B6100871F16 /* AppDelegate.h */ = {isa = PBXFileReference; fileEncoding = 4; lastKnownFileType = sourcecode.c.h; path = AppDelegate.h; sourceTree = "<group>"; };
		C3882AF61C4F8B6100871F16 /* AppDelegate.m */ = {isa = PBXFileReference; fileEncoding = 4; lastKnownFileType = sourcecode.c.objc; path = AppDelegate.m; sourceTree = "<group>"; };
		C3882B2A1C4F8B6100871F16 /* FFBViewController.h */ = {isa = PBXFileReference; fileEncoding = 4; lastKnownFileType = sourcecode.c.h; path = FFBViewController.h; sourceTree = "<group>"; };
		C3882B2B1C4F8B6100871F16 /* FFBViewController.mm */ = {isa = PBXFileReference; fileEncoding = 4; lastKnownFileType = sourcecode.cpp.objcpp; path = FFBViewController.mm; sourceTree = "<group>"; };
		C3882B671C4F8BDB00871F16 /* GameScene.cpp */ = {isa = PBXFileReference; fileEncoding = 4; lastKnownFileType = sourcecode.cpp.cpp; path = GameScene.cpp; sourceTree = "<group>"; };
		C3882B681C4F8BDB00871F16 /* GameScene.hpp */ = {isa = PBXFileReference; fileEncoding = 4; lastKnownFileType = sourcecode.cpp.h; path = GameScene.hpp; sourceTree = "<group>"; };
/* End PBXFileReference section */

/* Begin PBXFrameworksBuildPhase section */
		C36A85311BD2144C0045B7D3 /* Frameworks */ = {
			isa = PBXFrameworksBuildPhase;
			buildActionMask = 2147483647;
			files = (
			);
			runOnlyForDeploymentPostprocessing = 0;
		};
/* End PBXFrameworksBuildPhase section */

/* Begin PBXGroup section */
		C31B63591C5A1D0500755914 /* Basic */ = {
			isa = PBXGroup;
			children = (
				C31B635A1C5A1D0500755914 /* GameController.cpp */,
				C31B635B1C5A1D0500755914 /* GameController.hpp */,
				C31B63701C5A1D0500755914 /* TimeSchedule.cpp */,
				C31B63711C5A1D0500755914 /* TimeSchedule.hpp */,
				C31B635C1C5A1D0500755914 /* memory manager */,
				C31B63631C5A1D0500755914 /* platform */,
			);
			path = Basic;
			sourceTree = "<group>";
		};
		C31B635C1C5A1D0500755914 /* memory manager */ = {
			isa = PBXGroup;
			children = (
				C31B635F1C5A1D0500755914 /* BasicPtrClass.cpp */,
				C31B63601C5A1D0500755914 /* BasicPtrClass.hpp */,
				C31B635D1C5A1D0500755914 /* AutoReleasePool.cpp */,
				C31B635E1C5A1D0500755914 /* AutoReleasePool.hpp */,
				C31B63611C5A1D0500755914 /* ResourceManager.cpp */,
				C31B63621C5A1D0500755914 /* ResourceManager.hpp */,
			);
			path = "memory manager";
			sourceTree = "<group>";
		};
		C31B63631C5A1D0500755914 /* platform */ = {
			isa = PBXGroup;
			children = (
				C31B63641C5A1D0500755914 /* device */,
				C31B63671C5A1D0500755914 /* file read */,
				C31B636A1C5A1D0500755914 /* font */,
				C31B636D1C5A1D0500755914 /* image */,
			);
			path = platform;
			sourceTree = "<group>";
		};
		C31B63641C5A1D0500755914 /* device */ = {
			isa = PBXGroup;
			children = (
				C31B63651C5A1D0500755914 /* Device.cpp */,
				C31B63661C5A1D0500755914 /* Device.hpp */,
			);
			path = device;
			sourceTree = "<group>";
		};
		C31B63671C5A1D0500755914 /* file read */ = {
			isa = PBXGroup;
			children = (
				C31B63681C5A1D0500755914 /* ReadFile-ios.mm */,
				C31B63691C5A1D0500755914 /* ReadFile.h */,
			);
			path = "file read";
			sourceTree = "<group>";
		};
		C31B636A1C5A1D0500755914 /* font */ = {
			isa = PBXGroup;
			children = (
				C31B636B1C5A1D0500755914 /* Font-ios.mm */,
				C31B636C1C5A1D0500755914 /* Font.h */,
			);
			path = font;
			sourceTree = "<group>";
		};
		C31B636D1C5A1D0500755914 /* image */ = {
			isa = PBXGroup;
			children = (
				C31B636E1C5A1D0500755914 /* Image-ios.mm */,
				C31B636F1C5A1D0500755914 /* Image.h */,
			);
			path = image;
			sourceTree = "<group>";
		};
		C31B63721C5A1D0500755914 /* common */ = {
			isa = PBXGroup;
			children = (
				C31B63731C5A1D0500755914 /* FlyFishBird.h */,
				C31B63741C5A1D0500755914 /* Macro.h */,
				C31B63751C5A1D0500755914 /* math */,
				C31B63801C5A1D0500755914 /* template */,
			);
			path = common;
			sourceTree = "<group>";
		};
		C31B63751C5A1D0500755914 /* math */ = {
			isa = PBXGroup;
			children = (
				C31B63761C5A1D0500755914 /* BasicData2d.cpp */,
				C31B63771C5A1D0500755914 /* BasicData2d.h */,
				C31B63781C5A1D0500755914 /* MathUtil.cpp */,
				C31B63791C5A1D0500755914 /* MathUtil.hpp */,
				C31B637A1C5A1D0500755914 /* MathUtile.h */,
				C31B637B1C5A1D0500755914 /* Matrix.cpp */,
				C31B637C1C5A1D0500755914 /* Matrix.h */,
				C31B637D1C5A1D0500755914 /* SimpleMath.h */,
				C31B637E1C5A1D0500755914 /* Vector3.cpp */,
				C31B637F1C5A1D0500755914 /* Vector3.hpp */,
			);
			path = math;
			sourceTree = "<group>";
		};
		C31B63801C5A1D0500755914 /* template */ = {
			isa = PBXGroup;
			children = (
				C31B63811C5A1D0500755914 /* Singleton.cpp */,
				C31B63821C5A1D0500755914 /* Singleton.hpp */,
			);
			path = template;
			sourceTree = "<group>";
		};
		C31B63831C5A1D0500755914 /* FFBObject */ = {
			isa = PBXGroup;
			children = (
				C31B63841C5A1D0500755914 /* DrawObject.cpp */,
				C31B63851C5A1D0500755914 /* DrawObject.hpp */,
				C31B63861C5A1D0500755914 /* Label.cpp */,
				C31B63871C5A1D0500755914 /* Label.hpp */,
				C31B63881C5A1D0500755914 /* Object.cpp */,
				C31B63891C5A1D0500755914 /* Object.hpp */,
				C31B638A1C5A1D0500755914 /* Scene.cpp */,
				C31B638B1C5A1D0500755914 /* Scene.hpp */,
				C31B638C1C5A1D0500755914 /* Sprite.cpp */,
				C31B638D1C5A1D0500755914 /* Sprite.hpp */,
			);
			path = FFBObject;
			sourceTree = "<group>";
		};
		C31B638E1C5A1D0500755914 /* GLProgram */ = {
			isa = PBXGroup;
			children = (
				C31B638F1C5A1D0500755914 /* GLESBaseProgram.cpp */,
				C31B63901C5A1D0500755914 /* GLESBaseProgram.hpp */,
				C31B63911C5A1D0500755914 /* GLESCamera.cpp */,
				C31B63921C5A1D0500755914 /* GLESCamera.hpp */,
				C31B63931C5A1D0500755914 /* GLESProgram.cpp */,
				C31B63941C5A1D0500755914 /* GLESProgram.hpp */,
			);
			path = GLProgram;
			sourceTree = "<group>";
		};
		C31B63951C5A1D0500755914 /* mesh */ = {
			isa = PBXGroup;
			children = (
				C31B63961C5A1D0500755914 /* Mesh.cpp */,
				C31B63971C5A1D0500755914 /* Mesh.hpp */,
				C31B63981C5A1D0500755914 /* Renderer.cpp */,
				C31B63991C5A1D0500755914 /* Renderer.hpp */,
				C31B639A1C5A1D0500755914 /* Texture2D.cpp */,
				C31B639B1C5A1D0500755914 /* Texture2D.hpp */,
			);
			path = mesh;
			sourceTree = "<group>";
		};
		C31B63B91C5A207800755914 /* source */ = {
			isa = PBXGroup;
			children = (
				C31B63BA1C5A207800755914 /* ipad-152.png */,
				C31B63BB1C5A207800755914 /* login@3x.png */,
				C31B63BC1C5A207800755914 /* sale.png */,
				C31B63BD1C5A207800755914 /* shader */,
			);
			path = source;
			sourceTree = "<group>";
		};
		C31B63BD1C5A207800755914 /* shader */ = {
			isa = PBXGroup;
			children = (
				C31B63BE1C5A207800755914 /* Shader.fsh */,
				C31B63BF1C5A207800755914 /* Shader.vsh */,
			);
			path = shader;
			sourceTree = "<group>";
		};
		C36A852B1BD2144C0045B7D3 = {
			isa = PBXGroup;
			children = (
				C31B63C51C5A209500755914 /* Default-568h@2x.png */,
				C36A85361BD2144C0045B7D3 /* FlyFishBirdEngine */,
				C36A85351BD2144C0045B7D3 /* Products */,
			);
			sourceTree = "<group>";
		};
		C36A85351BD2144C0045B7D3 /* Products */ = {
			isa = PBXGroup;
			children = (
				C36A85341BD2144C0045B7D3 /* FlyFishBirdEngine.app */,
			);
			name = Products;
			sourceTree = "<group>";
		};
		C36A85361BD2144C0045B7D3 /* FlyFishBirdEngine */ = {
			isa = PBXGroup;
			children = (
				C35109EA1C1C2162006BC47D /* Main.storyboard */,
				C36A85481BD2144C0045B7D3 /* Info.plist */,
				C35109E51C1C0FC5006BC47D /* Images.xcassets */,
				C3882B431C4F8B6100871F16 /* game content */,
				C3882AF41C4F8B6100871F16 /* ffb */,
				C36A85371BD2144C0045B7D3 /* Supporting Files */,
			);
			path = FlyFishBirdEngine;
			sourceTree = "<group>";
		};
		C36A85371BD2144C0045B7D3 /* Supporting Files */ = {
			isa = PBXGroup;
			children = (
				C36A85381BD2144C0045B7D3 /* main.m */,
			);
			name = "Supporting Files";
			sourceTree = "<group>";
		};
		C3882AF41C4F8B6100871F16 /* ffb */ = {
			isa = PBXGroup;
			children = (
				C3882AF51C4F8B6100871F16 /* AppDelegate.h */,
				C3882AF61C4F8B6100871F16 /* AppDelegate.m */,
				C3882B2A1C4F8B6100871F16 /* FFBViewController.h */,
				C3882B2B1C4F8B6100871F16 /* FFBViewController.mm */,
				C31B63B91C5A207800755914 /* source */,
				C31B63591C5A1D0500755914 /* Basic */,
				C31B63721C5A1D0500755914 /* common */,
				C31B638E1C5A1D0500755914 /* GLProgram */,
				C31B63951C5A1D0500755914 /* mesh */,
				C31B63831C5A1D0500755914 /* FFBObject */,
			);
			path = ffb;
			sourceTree = "<group>";
		};
		C3882B431C4F8B6100871F16 /* game content */ = {
			isa = PBXGroup;
			children = (
				C3882B671C4F8BDB00871F16 /* GameScene.cpp */,
				C3882B681C4F8BDB00871F16 /* GameScene.hpp */,
			);
			path = "game content";
			sourceTree = "<group>";
		};
/* End PBXGroup section */

/* Begin PBXNativeTarget section */
		C36A85331BD2144C0045B7D3 /* FlyFishBirdEngine */ = {
			isa = PBXNativeTarget;
			buildConfigurationList = C36A854B1BD2144C0045B7D3 /* Build configuration list for PBXNativeTarget "FlyFishBirdEngine" */;
			buildPhases = (
				C36A85301BD2144C0045B7D3 /* Sources */,
				C36A85311BD2144C0045B7D3 /* Frameworks */,
				C36A85321BD2144C0045B7D3 /* Resources */,
			);
			buildRules = (
			);
			dependencies = (
			);
			name = FlyFishBirdEngine;
			productName = FlyFishBirdEngine;
			productReference = C36A85341BD2144C0045B7D3 /* FlyFishBirdEngine.app */;
			productType = "com.apple.product-type.application";
		};
/* End PBXNativeTarget section */

/* Begin PBXProject section */
		C36A852C1BD2144C0045B7D3 /* Project object */ = {
			isa = PBXProject;
			attributes = {
				CLASSPREFIX = "";
				LastUpgradeCheck = 0720;
				ORGANIZATIONNAME = FlyFishBird;
				TargetAttributes = {
					C36A85331BD2144C0045B7D3 = {
						CreatedOnToolsVersion = 7.0.1;
						DevelopmentTeam = B56K55UHLY;
					};
				};
			};
			buildConfigurationList = C36A852F1BD2144C0045B7D3 /* Build configuration list for PBXProject "FlyFishBirdEngine" */;
			compatibilityVersion = "Xcode 3.2";
			developmentRegion = English;
			hasScannedForEncodings = 0;
			knownRegions = (
				en,
				Base,
			);
			mainGroup = C36A852B1BD2144C0045B7D3;
			productRefGroup = C36A85351BD2144C0045B7D3 /* Products */;
			projectDirPath = "";
			projectRoot = "";
			targets = (
				C36A85331BD2144C0045B7D3 /* FlyFishBirdEngine */,
			);
		};
/* End PBXProject section */

/* Begin PBXResourcesBuildPhase section */
		C36A85321BD2144C0045B7D3 /* Resources */ = {
			isa = PBXResourcesBuildPhase;
			buildActionMask = 2147483647;
			files = (
				C31B63C31C5A207800755914 /* Shader.fsh in Resources */,
				C31B63C41C5A207800755914 /* Shader.vsh in Resources */,
				C31B63C01C5A207800755914 /* ipad-152.png in Resources */,
				C31B63C21C5A207800755914 /* sale.png in Resources */,
				C31B63C11C5A207800755914 /* login@3x.png in Resources */,
				C31B63C61C5A209500755914 /* Default-568h@2x.png in Resources */,
				C35109E61C1C0FC5006BC47D /* Images.xcassets in Resources */,
				C35109EC1C1C2162006BC47D /* Main.storyboard in Resources */,
			);
			runOnlyForDeploymentPostprocessing = 0;
		};
/* End PBXResourcesBuildPhase section */

/* Begin PBXSourcesBuildPhase section */
		C36A85301BD2144C0045B7D3 /* Sources */ = {
			isa = PBXSourcesBuildPhase;
			buildActionMask = 2147483647;
			files = (
				C31B63B21C5A1D0500755914 /* Mesh.cpp in Sources */,
				C31B63A71C5A1D0500755914 /* Matrix.cpp in Sources */,
				C31B639C1C5A1D0500755914 /* GameController.cpp in Sources */,
				C31B63A01C5A1D0500755914 /* Device.cpp in Sources */,
				C31B63B41C5A1D0500755914 /* Texture2D.cpp in Sources */,
				C31B63B31C5A1D0500755914 /* Renderer.cpp in Sources */,
				C31B63AE1C5A1D0500755914 /* Sprite.cpp in Sources */,
				C3882B691C4F8BDB00871F16 /* GameScene.cpp in Sources */,
				C31B639D1C5A1D0500755914 /* AutoReleasePool.cpp in Sources */,
				C3882B591C4F8B6100871F16 /* FFBViewController.mm in Sources */,
				C31B63B11C5A1D0500755914 /* GLESProgram.cpp in Sources */,
				C31B63AD1C5A1D0500755914 /* Scene.cpp in Sources */,
				C31B63B01C5A1D0500755914 /* GLESCamera.cpp in Sources */,
				C31B63AB1C5A1D0500755914 /* Label.cpp in Sources */,
				C31B63A81C5A1D0500755914 /* Vector3.cpp in Sources */,
				C31B63AF1C5A1D0500755914 /* GLESBaseProgram.cpp in Sources */,
				C31B63A11C5A1D0500755914 /* ReadFile-ios.mm in Sources */,
				C31B63A21C5A1D0500755914 /* Font-ios.mm in Sources */,
				C31B63A31C5A1D0500755914 /* Image-ios.mm in Sources */,
				C31B63AC1C5A1D0500755914 /* Object.cpp in Sources */,
				C31B63A51C5A1D0500755914 /* BasicData2d.cpp in Sources */,
				C31B63AA1C5A1D0500755914 /* DrawObject.cpp in Sources */,
				C3882B441C4F8B6100871F16 /* AppDelegate.m in Sources */,
				C31B63A41C5A1D0500755914 /* TimeSchedule.cpp in Sources */,
				C36A85391BD2144C0045B7D3 /* main.m in Sources */,
				C31B63A61C5A1D0500755914 /* MathUtil.cpp in Sources */,
				C31B63A91C5A1D0500755914 /* Singleton.cpp in Sources */,
				C31B639E1C5A1D0500755914 /* BasicPtrClass.cpp in Sources */,
				C31B639F1C5A1D0500755914 /* ResourceManager.cpp in Sources */,
			);
			runOnlyForDeploymentPostprocessing = 0;
		};
/* End PBXSourcesBuildPhase section */

/* Begin XCBuildConfiguration section */
		C36A85491BD2144C0045B7D3 /* Debug */ = {
			isa = XCBuildConfiguration;
			buildSettings = {
				ALWAYS_SEARCH_USER_PATHS = NO;
				CLANG_CXX_LANGUAGE_STANDARD = "gnu++0x";
				CLANG_CXX_LIBRARY = "libc++";
				CLANG_ENABLE_MODULES = YES;
				CLANG_ENABLE_OBJC_ARC = YES;
				CLANG_WARN_BOOL_CONVERSION = YES;
				CLANG_WARN_CONSTANT_CONVERSION = YES;
				CLANG_WARN_DIRECT_OBJC_ISA_USAGE = YES_ERROR;
				CLANG_WARN_EMPTY_BODY = YES;
				CLANG_WARN_ENUM_CONVERSION = YES;
				CLANG_WARN_INT_CONVERSION = YES;
				CLANG_WARN_OBJC_ROOT_CLASS = YES_ERROR;
				CLANG_WARN_UNREACHABLE_CODE = YES;
				CLANG_WARN__DUPLICATE_METHOD_MATCH = YES;
				"CODE_SIGN_IDENTITY[sdk=iphoneos*]" = "iPhone Developer";
				COPY_PHASE_STRIP = NO;
				DEBUG_INFORMATION_FORMAT = dwarf;
				ENABLE_STRICT_OBJC_MSGSEND = YES;
				ENABLE_TESTABILITY = YES;
				GCC_C_LANGUAGE_STANDARD = gnu99;
				GCC_DYNAMIC_NO_PIC = NO;
				GCC_NO_COMMON_BLOCKS = YES;
				GCC_OPTIMIZATION_LEVEL = 0;
				GCC_PREPROCESSOR_DEFINITIONS = (
					"DEBUG=1",
					"$(inherited)",
				);
				GCC_WARN_64_TO_32_BIT_CONVERSION = YES;
				GCC_WARN_ABOUT_RETURN_TYPE = YES_ERROR;
				GCC_WARN_UNDECLARED_SELECTOR = YES;
				GCC_WARN_UNINITIALIZED_AUTOS = YES_AGGRESSIVE;
				GCC_WARN_UNUSED_FUNCTION = YES;
				GCC_WARN_UNUSED_VARIABLE = YES;
				IPHONEOS_DEPLOYMENT_TARGET = 9.0;
				MTL_ENABLE_DEBUG_INFO = YES;
				ONLY_ACTIVE_ARCH = YES;
				SDKROOT = iphoneos;
			};
			name = Debug;
		};
		C36A854A1BD2144C0045B7D3 /* Release */ = {
			isa = XCBuildConfiguration;
			buildSettings = {
				ALWAYS_SEARCH_USER_PATHS = NO;
				CLANG_CXX_LANGUAGE_STANDARD = "gnu++0x";
				CLANG_CXX_LIBRARY = "libc++";
				CLANG_ENABLE_MODULES = YES;
				CLANG_ENABLE_OBJC_ARC = YES;
				CLANG_WARN_BOOL_CONVERSION = YES;
				CLANG_WARN_CONSTANT_CONVERSION = YES;
				CLANG_WARN_DIRECT_OBJC_ISA_USAGE = YES_ERROR;
				CLANG_WARN_EMPTY_BODY = YES;
				CLANG_WARN_ENUM_CONVERSION = YES;
				CLANG_WARN_INT_CONVERSION = YES;
				CLANG_WARN_OBJC_ROOT_CLASS = YES_ERROR;
				CLANG_WARN_UNREACHABLE_CODE = YES;
				CLANG_WARN__DUPLICATE_METHOD_MATCH = YES;
				"CODE_SIGN_IDENTITY[sdk=iphoneos*]" = "iPhone Developer";
				COPY_PHASE_STRIP = NO;
				DEBUG_INFORMATION_FORMAT = "dwarf-with-dsym";
				ENABLE_NS_ASSERTIONS = NO;
				ENABLE_STRICT_OBJC_MSGSEND = YES;
				GCC_C_LANGUAGE_STANDARD = gnu99;
				GCC_NO_COMMON_BLOCKS = YES;
				GCC_WARN_64_TO_32_BIT_CONVERSION = YES;
				GCC_WARN_ABOUT_RETURN_TYPE = YES_ERROR;
				GCC_WARN_UNDECLARED_SELECTOR = YES;
				GCC_WARN_UNINITIALIZED_AUTOS = YES_AGGRESSIVE;
				GCC_WARN_UNUSED_FUNCTION = YES;
				GCC_WARN_UNUSED_VARIABLE = YES;
				IPHONEOS_DEPLOYMENT_TARGET = 9.0;
				MTL_ENABLE_DEBUG_INFO = NO;
				SDKROOT = iphoneos;
				VALIDATE_PRODUCT = YES;
			};
			name = Release;
		};
		C36A854C1BD2144C0045B7D3 /* Debug */ = {
			isa = XCBuildConfiguration;
			buildSettings = {
				ASSETCATALOG_COMPILER_APPICON_NAME = AppIcon;
				ASSETCATALOG_COMPILER_LAUNCHIMAGE_NAME = LaunchImage;
				CLANG_CXX_LANGUAGE_STANDARD = "gnu++0x";
				CLANG_CXX_LIBRARY = "libc++";
				CLANG_ENABLE_MODULE_DEBUGGING = YES;
				CODE_SIGN_IDENTITY = "iPhone Developer";
				"CODE_SIGN_IDENTITY[sdk=iphoneos*]" = "iPhone Developer";
				ENABLE_BITCODE = NO;
				GCC_ENABLE_CPP_EXCEPTIONS = YES;
				GCC_ENABLE_CPP_RTTI = YES;
				GCC_INPUT_FILETYPE = automatic;
				INFOPLIST_FILE = FlyFishBirdEngine/Info.plist;
				IPHONEOS_DEPLOYMENT_TARGET = 6.0;
				LD_RUNPATH_SEARCH_PATHS = "$(inherited) @executable_path/Frameworks";
				OTHER_CFLAGS = "";
				OTHER_CPLUSPLUSFLAGS = "$(OTHER_CFLAGS)";
				OTHER_LDFLAGS = "";
				OTHER_LIBTOOLFLAGS = "";
				PRODUCT_BUNDLE_IDENTIFIER = com.DevelopGame.FlyFishBirdEngine;
				PRODUCT_NAME = "$(TARGET_NAME)";
				PROVISIONING_PROFILE = "";
			};
			name = Debug;
		};
		C36A854D1BD2144C0045B7D3 /* Release */ = {
			isa = XCBuildConfiguration;
			buildSettings = {
				ASSETCATALOG_COMPILER_APPICON_NAME = AppIcon;
				ASSETCATALOG_COMPILER_LAUNCHIMAGE_NAME = LaunchImage;
				CLANG_CXX_LANGUAGE_STANDARD = "gnu++0x";
				CLANG_CXX_LIBRARY = "libc++";
				CLANG_ENABLE_MODULE_DEBUGGING = YES;
				CODE_SIGN_IDENTITY = "iPhone Developer";
				"CODE_SIGN_IDENTITY[sdk=iphoneos*]" = "iPhone Developer";
				ENABLE_BITCODE = NO;
				GCC_ENABLE_CPP_EXCEPTIONS = YES;
				GCC_ENABLE_CPP_RTTI = YES;
				GCC_INPUT_FILETYPE = automatic;
				INFOPLIST_FILE = FlyFishBirdEngine/Info.plist;
				IPHONEOS_DEPLOYMENT_TARGET = 6.0;
				LD_RUNPATH_SEARCH_PATHS = "$(inherited) @executable_path/Frameworks";
				OTHER_CFLAGS = "";
				OTHER_CPLUSPLUSFLAGS = "$(OTHER_CFLAGS)";
				OTHER_LDFLAGS = "";
				OTHER_LIBTOOLFLAGS = "";
				PRODUCT_BUNDLE_IDENTIFIER = com.DevelopGame.FlyFishBirdEngine;
				PRODUCT_NAME = "$(TARGET_NAME)";
				PROVISIONING_PROFILE = "";
			};
			name = Release;
		};
/* End XCBuildConfiguration section */

/* Begin XCConfigurationList section */
		C36A852F1BD2144C0045B7D3 /* Build configuration list for PBXProject "FlyFishBirdEngine" */ = {
			isa = XCConfigurationList;
			buildConfigurations = (
				C36A85491BD2144C0045B7D3 /* Debug */,
				C36A854A1BD2144C0045B7D3 /* Release */,
			);
			defaultConfigurationIsVisible = 0;
			defaultConfigurationName = Release;
		};
		C36A854B1BD2144C0045B7D3 /* Build configuration list for PBXNativeTarget "FlyFishBirdEngine" */ = {
			isa = XCConfigurationList;
			buildConfigurations = (
				C36A854C1BD2144C0045B7D3 /* Debug */,
				C36A854D1BD2144C0045B7D3 /* Release */,
			);
			defaultConfigurationIsVisible = 0;
			defaultConfigurationName = Release;
		};
/* End XCConfigurationList section */
	};
	rootObject = C36A852C1BD2144C0045B7D3 /* Project object */;
}
