// !$*UTF8*$!
{
	archiveVersion = 1;
	classes = {
	};
	objectVersion = 46;
	objects = {

/* Begin PBXBuildFile section */
		C33527DD1C1AD4B200258022 /* login.png in Resources */ = {isa = PBXBuildFile; fileRef = C33527DC1C1AD4B200258022 /* login.png */; };
		C35109E61C1C0FC5006BC47D /* Images.xcassets in Resources */ = {isa = PBXBuildFile; fileRef = C35109E51C1C0FC5006BC47D /* Images.xcassets */; };
		C35109E81C1C10AC006BC47D /* ipad-152.png in Resources */ = {isa = PBXBuildFile; fileRef = C35109E71C1C10AC006BC47D /* ipad-152.png */; };
		C35109EC1C1C2162006BC47D /* Main.storyboard in Resources */ = {isa = PBXBuildFile; fileRef = C35109EA1C1C2162006BC47D /* Main.storyboard */; };
		C351CE781C3A37EB00E47E9D /* MathUtil.cpp in Sources */ = {isa = PBXBuildFile; fileRef = C351CE761C3A37EB00E47E9D /* MathUtil.cpp */; };
		C35406BB1C22998600D78770 /* GLESBaseProgram.cpp in Sources */ = {isa = PBXBuildFile; fileRef = C35406B91C22998600D78770 /* GLESBaseProgram.cpp */; };
		C35921EC1BE8875C008F7ED9 /* GLESFunction.c in Sources */ = {isa = PBXBuildFile; fileRef = C35921EA1BE8875C008F7ED9 /* GLESFunction.c */; };
		C361F13F1BDA291600270E80 /* Default-568h@2x.png in Resources */ = {isa = PBXBuildFile; fileRef = C361F13E1BDA291600270E80 /* Default-568h@2x.png */; };
		C3656D7E1BE45E0A00D4B5D8 /* GLESProgram.cpp in Sources */ = {isa = PBXBuildFile; fileRef = C3656D7C1BE45E0A00D4B5D8 /* GLESProgram.cpp */; };
		C3656D811BE45EFC00D4B5D8 /* GameController.cpp in Sources */ = {isa = PBXBuildFile; fileRef = C3656D7F1BE45EFC00D4B5D8 /* GameController.cpp */; };
		C3656D871BE4604600D4B5D8 /* Singleton.cpp in Sources */ = {isa = PBXBuildFile; fileRef = C3656D851BE4604600D4B5D8 /* Singleton.cpp */; };
		C36803DF1C200691007997DF /* Renderer.cpp in Sources */ = {isa = PBXBuildFile; fileRef = C36803DD1C200691007997DF /* Renderer.cpp */; };
		C368FE321C04552900F0C5B2 /* Matrix.cpp in Sources */ = {isa = PBXBuildFile; fileRef = C368FE301C04552900F0C5B2 /* Matrix.cpp */; };
		C368FE351C04553C00F0C5B2 /* BasicData2d.cpp in Sources */ = {isa = PBXBuildFile; fileRef = C368FE331C04553C00F0C5B2 /* BasicData2d.cpp */; };
		C368FE381C0458AF00F0C5B2 /* GLESCamera.cpp in Sources */ = {isa = PBXBuildFile; fileRef = C368FE361C0458AF00F0C5B2 /* GLESCamera.cpp */; };
		C368FE3C1C04591E00F0C5B2 /* BasicPtrClass.cpp in Sources */ = {isa = PBXBuildFile; fileRef = C368FE3A1C04591E00F0C5B2 /* BasicPtrClass.cpp */; };
		C36A85391BD2144C0045B7D3 /* main.m in Sources */ = {isa = PBXBuildFile; fileRef = C36A85381BD2144C0045B7D3 /* main.m */; };
		C36A853C1BD2144C0045B7D3 /* AppDelegate.m in Sources */ = {isa = PBXBuildFile; fileRef = C36A853B1BD2144C0045B7D3 /* AppDelegate.m */; };
		C38A03901C21327900C30815 /* Shader.fsh in Resources */ = {isa = PBXBuildFile; fileRef = C38A038F1C21327900C30815 /* Shader.fsh */; };
		C38A03921C21327E00C30815 /* Shader.vsh in Resources */ = {isa = PBXBuildFile; fileRef = C38A03911C21327E00C30815 /* Shader.vsh */; };
		C38A039F1C2160D700C30815 /* Image-ios.mm in Sources */ = {isa = PBXBuildFile; fileRef = C38A039E1C2160D700C30815 /* Image-ios.mm */; };
		C38FEF5C1C3CD3B400D05717 /* Handle.cpp in Sources */ = {isa = PBXBuildFile; fileRef = C38FEF561C3CD3B400D05717 /* Handle.cpp */; };
		C38FEF5D1C3CD3B400D05717 /* HandleMgr.cpp in Sources */ = {isa = PBXBuildFile; fileRef = C38FEF581C3CD3B400D05717 /* HandleMgr.cpp */; };
		C38FEF5E1C3CD3B400D05717 /* TextureMgr.cpp in Sources */ = {isa = PBXBuildFile; fileRef = C38FEF5A1C3CD3B400D05717 /* TextureMgr.cpp */; };
		C38FEF631C3CFF2800D05717 /* FFBViewController.mm in Sources */ = {isa = PBXBuildFile; fileRef = C38FEF621C3CFF2800D05717 /* FFBViewController.mm */; };
		C38FEF641C3D024F00D05717 /* DrawObject.cpp in Sources */ = {isa = PBXBuildFile; fileRef = C34CF1991C16872000CF842E /* DrawObject.cpp */; };
		C38FEF651C3D024F00D05717 /* Object.cpp in Sources */ = {isa = PBXBuildFile; fileRef = C393CBA11C1160F1005A5E31 /* Object.cpp */; };
		C38FEF661C3D024F00D05717 /* Font-ios.mm in Sources */ = {isa = PBXBuildFile; fileRef = C36AFBA61C23C845005565CF /* Font-ios.mm */; };
		C38FEF671C3D024F00D05717 /* Scene.cpp in Sources */ = {isa = PBXBuildFile; fileRef = C393CB9E1C11605C005A5E31 /* Scene.cpp */; };
		C38FEF681C3D024F00D05717 /* Texture2D.cpp in Sources */ = {isa = PBXBuildFile; fileRef = C34CF1961C16824700CF842E /* Texture2D.cpp */; };
		C38FEF691C3D024F00D05717 /* Mesh.cpp in Sources */ = {isa = PBXBuildFile; fileRef = C34CF1921C16795500CF842E /* Mesh.cpp */; };
		C38FEF6A1C3D024F00D05717 /* ReadFile-ios.mm in Sources */ = {isa = PBXBuildFile; fileRef = C38A03A91C21668500C30815 /* ReadFile-ios.mm */; };
/* End PBXBuildFile section */

/* Begin PBXFileReference section */
		C33527DC1C1AD4B200258022 /* login.png */ = {isa = PBXFileReference; lastKnownFileType = image.png; path = login.png; sourceTree = "<group>"; };
		C33EBAA41BE35E16002D3940 /* FFBViewController.h */ = {isa = PBXFileReference; fileEncoding = 4; lastKnownFileType = sourcecode.c.h; path = FFBViewController.h; sourceTree = "<group>"; };
		C34CF1921C16795500CF842E /* Mesh.cpp */ = {isa = PBXFileReference; fileEncoding = 4; lastKnownFileType = sourcecode.cpp.cpp; path = Mesh.cpp; sourceTree = "<group>"; };
		C34CF1931C16795500CF842E /* Mesh.hpp */ = {isa = PBXFileReference; fileEncoding = 4; lastKnownFileType = sourcecode.cpp.h; path = Mesh.hpp; sourceTree = "<group>"; };
		C34CF1961C16824700CF842E /* Texture2D.cpp */ = {isa = PBXFileReference; fileEncoding = 4; lastKnownFileType = sourcecode.cpp.cpp; path = Texture2D.cpp; sourceTree = "<group>"; };
		C34CF1971C16824700CF842E /* Texture2D.hpp */ = {isa = PBXFileReference; fileEncoding = 4; lastKnownFileType = sourcecode.cpp.h; path = Texture2D.hpp; sourceTree = "<group>"; };
		C34CF1991C16872000CF842E /* DrawObject.cpp */ = {isa = PBXFileReference; fileEncoding = 4; lastKnownFileType = sourcecode.cpp.cpp; path = DrawObject.cpp; sourceTree = "<group>"; };
		C34CF19A1C16872000CF842E /* DrawObject.hpp */ = {isa = PBXFileReference; fileEncoding = 4; lastKnownFileType = sourcecode.cpp.h; path = DrawObject.hpp; sourceTree = "<group>"; };
		C35109E51C1C0FC5006BC47D /* Images.xcassets */ = {isa = PBXFileReference; lastKnownFileType = folder.assetcatalog; path = Images.xcassets; sourceTree = "<group>"; };
		C35109E71C1C10AC006BC47D /* ipad-152.png */ = {isa = PBXFileReference; lastKnownFileType = image.png; path = "ipad-152.png"; sourceTree = "<group>"; };
		C35109EA1C1C2162006BC47D /* Main.storyboard */ = {isa = PBXFileReference; fileEncoding = 4; lastKnownFileType = file.storyboard; path = Main.storyboard; sourceTree = "<group>"; };
		C351CE701C3A2FBA00E47E9D /* Vector3.hpp */ = {isa = PBXFileReference; fileEncoding = 4; lastKnownFileType = sourcecode.cpp.h; path = Vector3.hpp; sourceTree = "<group>"; };
		C351CE761C3A37EB00E47E9D /* MathUtil.cpp */ = {isa = PBXFileReference; fileEncoding = 4; lastKnownFileType = sourcecode.cpp.cpp; path = MathUtil.cpp; sourceTree = "<group>"; };
		C351CE771C3A37EB00E47E9D /* MathUtil.hpp */ = {isa = PBXFileReference; fileEncoding = 4; lastKnownFileType = sourcecode.cpp.h; path = MathUtil.hpp; sourceTree = "<group>"; };
		C35406B91C22998600D78770 /* GLESBaseProgram.cpp */ = {isa = PBXFileReference; fileEncoding = 4; lastKnownFileType = sourcecode.cpp.cpp; path = GLESBaseProgram.cpp; sourceTree = "<group>"; };
		C35406BA1C22998600D78770 /* GLESBaseProgram.hpp */ = {isa = PBXFileReference; fileEncoding = 4; lastKnownFileType = sourcecode.cpp.h; path = GLESBaseProgram.hpp; sourceTree = "<group>"; };
		C35921EA1BE8875C008F7ED9 /* GLESFunction.c */ = {isa = PBXFileReference; fileEncoding = 4; lastKnownFileType = sourcecode.c.c; path = GLESFunction.c; sourceTree = "<group>"; };
		C35921EB1BE8875C008F7ED9 /* GLESFunction.h */ = {isa = PBXFileReference; fileEncoding = 4; lastKnownFileType = sourcecode.c.h; path = GLESFunction.h; sourceTree = "<group>"; };
		C361F13E1BDA291600270E80 /* Default-568h@2x.png */ = {isa = PBXFileReference; lastKnownFileType = image.png; path = "Default-568h@2x.png"; sourceTree = "<group>"; };
		C3656D7C1BE45E0A00D4B5D8 /* GLESProgram.cpp */ = {isa = PBXFileReference; fileEncoding = 4; lastKnownFileType = sourcecode.cpp.cpp; path = GLESProgram.cpp; sourceTree = "<group>"; };
		C3656D7D1BE45E0A00D4B5D8 /* GLESProgram.hpp */ = {isa = PBXFileReference; fileEncoding = 4; lastKnownFileType = sourcecode.cpp.h; path = GLESProgram.hpp; sourceTree = "<group>"; };
		C3656D7F1BE45EFC00D4B5D8 /* GameController.cpp */ = {isa = PBXFileReference; fileEncoding = 4; lastKnownFileType = sourcecode.cpp.cpp; path = GameController.cpp; sourceTree = "<group>"; };
		C3656D801BE45EFC00D4B5D8 /* GameController.hpp */ = {isa = PBXFileReference; fileEncoding = 4; lastKnownFileType = sourcecode.cpp.h; path = GameController.hpp; sourceTree = "<group>"; };
		C3656D851BE4604600D4B5D8 /* Singleton.cpp */ = {isa = PBXFileReference; fileEncoding = 4; lastKnownFileType = sourcecode.cpp.cpp; path = Singleton.cpp; sourceTree = "<group>"; };
		C3656D861BE4604600D4B5D8 /* Singleton.hpp */ = {isa = PBXFileReference; fileEncoding = 4; lastKnownFileType = sourcecode.cpp.h; path = Singleton.hpp; sourceTree = "<group>"; };
		C36803DD1C200691007997DF /* Renderer.cpp */ = {isa = PBXFileReference; fileEncoding = 4; lastKnownFileType = sourcecode.cpp.cpp; path = Renderer.cpp; sourceTree = "<group>"; };
		C36803DE1C200691007997DF /* Renderer.hpp */ = {isa = PBXFileReference; fileEncoding = 4; lastKnownFileType = sourcecode.cpp.h; path = Renderer.hpp; sourceTree = "<group>"; };
		C368FE281C044E4000F0C5B2 /* SimpleMath.h */ = {isa = PBXFileReference; fileEncoding = 4; lastKnownFileType = sourcecode.c.h; path = SimpleMath.h; sourceTree = "<group>"; };
		C368FE301C04552900F0C5B2 /* Matrix.cpp */ = {isa = PBXFileReference; fileEncoding = 4; lastKnownFileType = sourcecode.cpp.cpp; path = Matrix.cpp; sourceTree = "<group>"; };
		C368FE311C04552900F0C5B2 /* Matrix.h */ = {isa = PBXFileReference; fileEncoding = 4; lastKnownFileType = sourcecode.c.h; path = Matrix.h; sourceTree = "<group>"; };
		C368FE331C04553C00F0C5B2 /* BasicData2d.cpp */ = {isa = PBXFileReference; fileEncoding = 4; lastKnownFileType = sourcecode.cpp.cpp; path = BasicData2d.cpp; sourceTree = "<group>"; };
		C368FE341C04553C00F0C5B2 /* BasicData2d.h */ = {isa = PBXFileReference; fileEncoding = 4; lastKnownFileType = sourcecode.c.h; path = BasicData2d.h; sourceTree = "<group>"; };
		C368FE361C0458AF00F0C5B2 /* GLESCamera.cpp */ = {isa = PBXFileReference; fileEncoding = 4; lastKnownFileType = sourcecode.cpp.cpp; path = GLESCamera.cpp; sourceTree = "<group>"; };
		C368FE371C0458AF00F0C5B2 /* GLESCamera.hpp */ = {isa = PBXFileReference; fileEncoding = 4; lastKnownFileType = sourcecode.cpp.h; path = GLESCamera.hpp; sourceTree = "<group>"; };
		C368FE3A1C04591E00F0C5B2 /* BasicPtrClass.cpp */ = {isa = PBXFileReference; fileEncoding = 4; lastKnownFileType = sourcecode.cpp.cpp; path = BasicPtrClass.cpp; sourceTree = "<group>"; };
		C368FE3B1C04591E00F0C5B2 /* BasicPtrClass.hpp */ = {isa = PBXFileReference; fileEncoding = 4; lastKnownFileType = sourcecode.cpp.h; path = BasicPtrClass.hpp; sourceTree = "<group>"; };
		C36A85341BD2144C0045B7D3 /* FlyFishBirdEngine.app */ = {isa = PBXFileReference; explicitFileType = wrapper.application; includeInIndex = 0; path = FlyFishBirdEngine.app; sourceTree = BUILT_PRODUCTS_DIR; };
		C36A85381BD2144C0045B7D3 /* main.m */ = {isa = PBXFileReference; lastKnownFileType = sourcecode.c.objc; path = main.m; sourceTree = "<group>"; };
		C36A853A1BD2144C0045B7D3 /* AppDelegate.h */ = {isa = PBXFileReference; lastKnownFileType = sourcecode.c.h; path = AppDelegate.h; sourceTree = "<group>"; };
		C36A853B1BD2144C0045B7D3 /* AppDelegate.m */ = {isa = PBXFileReference; lastKnownFileType = sourcecode.c.objc; path = AppDelegate.m; sourceTree = "<group>"; };
		C36A85481BD2144C0045B7D3 /* Info.plist */ = {isa = PBXFileReference; lastKnownFileType = text.plist.xml; path = Info.plist; sourceTree = "<group>"; };
		C36AFBA61C23C845005565CF /* Font-ios.mm */ = {isa = PBXFileReference; fileEncoding = 4; lastKnownFileType = sourcecode.cpp.objcpp; path = "Font-ios.mm"; sourceTree = "<group>"; };
		C36AFBA71C23C845005565CF /* Font.h */ = {isa = PBXFileReference; fileEncoding = 4; lastKnownFileType = sourcecode.c.h; path = Font.h; sourceTree = "<group>"; };
		C38A038F1C21327900C30815 /* Shader.fsh */ = {isa = PBXFileReference; fileEncoding = 4; lastKnownFileType = sourcecode.glsl; path = Shader.fsh; sourceTree = "<group>"; };
		C38A03911C21327E00C30815 /* Shader.vsh */ = {isa = PBXFileReference; fileEncoding = 4; lastKnownFileType = sourcecode.glsl; path = Shader.vsh; sourceTree = "<group>"; };
		C38A039E1C2160D700C30815 /* Image-ios.mm */ = {isa = PBXFileReference; fileEncoding = 4; lastKnownFileType = sourcecode.cpp.objcpp; path = "Image-ios.mm"; sourceTree = "<group>"; };
		C38A03A71C21615F00C30815 /* Image.h */ = {isa = PBXFileReference; fileEncoding = 4; lastKnownFileType = sourcecode.c.h; path = Image.h; sourceTree = "<group>"; };
		C38A03A91C21668500C30815 /* ReadFile-ios.mm */ = {isa = PBXFileReference; fileEncoding = 4; lastKnownFileType = sourcecode.cpp.objcpp; path = "ReadFile-ios.mm"; sourceTree = "<group>"; };
		C38A03AA1C21668500C30815 /* ReadFile.h */ = {isa = PBXFileReference; fileEncoding = 4; lastKnownFileType = sourcecode.c.h; path = ReadFile.h; sourceTree = "<group>"; };
		C38FEF561C3CD3B400D05717 /* Handle.cpp */ = {isa = PBXFileReference; fileEncoding = 4; lastKnownFileType = sourcecode.cpp.cpp; path = Handle.cpp; sourceTree = "<group>"; };
		C38FEF571C3CD3B400D05717 /* Handle.hpp */ = {isa = PBXFileReference; fileEncoding = 4; lastKnownFileType = sourcecode.cpp.h; path = Handle.hpp; sourceTree = "<group>"; };
		C38FEF581C3CD3B400D05717 /* HandleMgr.cpp */ = {isa = PBXFileReference; fileEncoding = 4; lastKnownFileType = sourcecode.cpp.cpp; path = HandleMgr.cpp; sourceTree = "<group>"; };
		C38FEF591C3CD3B400D05717 /* HandleMgr.hpp */ = {isa = PBXFileReference; fileEncoding = 4; lastKnownFileType = sourcecode.cpp.h; path = HandleMgr.hpp; sourceTree = "<group>"; };
		C38FEF5A1C3CD3B400D05717 /* TextureMgr.cpp */ = {isa = PBXFileReference; fileEncoding = 4; lastKnownFileType = sourcecode.cpp.cpp; path = TextureMgr.cpp; sourceTree = "<group>"; };
		C38FEF5B1C3CD3B400D05717 /* TextureMgr.hpp */ = {isa = PBXFileReference; fileEncoding = 4; lastKnownFileType = sourcecode.cpp.h; path = TextureMgr.hpp; sourceTree = "<group>"; };
		C38FEF621C3CFF2800D05717 /* FFBViewController.mm */ = {isa = PBXFileReference; fileEncoding = 4; lastKnownFileType = sourcecode.cpp.objcpp; path = FFBViewController.mm; sourceTree = "<group>"; };
		C393CB9E1C11605C005A5E31 /* Scene.cpp */ = {isa = PBXFileReference; fileEncoding = 4; lastKnownFileType = sourcecode.cpp.cpp; path = Scene.cpp; sourceTree = "<group>"; };
		C393CB9F1C11605C005A5E31 /* Scene.hpp */ = {isa = PBXFileReference; fileEncoding = 4; lastKnownFileType = sourcecode.cpp.h; path = Scene.hpp; sourceTree = "<group>"; };
		C393CBA11C1160F1005A5E31 /* Object.cpp */ = {isa = PBXFileReference; fileEncoding = 4; lastKnownFileType = sourcecode.cpp.cpp; path = Object.cpp; sourceTree = "<group>"; };
		C393CBA21C1160F1005A5E31 /* Object.hpp */ = {isa = PBXFileReference; fileEncoding = 4; lastKnownFileType = sourcecode.cpp.h; path = Object.hpp; sourceTree = "<group>"; };
		C3A3433D1C102E8B00FF2A86 /* Define.h */ = {isa = PBXFileReference; lastKnownFileType = sourcecode.c.h; path = Define.h; sourceTree = "<group>"; };
/* End PBXFileReference section */

/* Begin PBXFrameworksBuildPhase section */
		C36A85311BD2144C0045B7D3 /* Frameworks */ = {
			isa = PBXFrameworksBuildPhase;
			buildActionMask = 2147483647;
			files = (
			);
			runOnlyForDeploymentPostprocessing = 0;
		};
/* End PBXFrameworksBuildPhase section */

/* Begin PBXGroup section */
		C34CF1911C16795500CF842E /* mesh */ = {
			isa = PBXGroup;
			children = (
				C36803DD1C200691007997DF /* Renderer.cpp */,
				C36803DE1C200691007997DF /* Renderer.hpp */,
				C34CF1921C16795500CF842E /* Mesh.cpp */,
				C34CF1931C16795500CF842E /* Mesh.hpp */,
				C34CF1961C16824700CF842E /* Texture2D.cpp */,
				C34CF1971C16824700CF842E /* Texture2D.hpp */,
			);
			path = mesh;
			sourceTree = "<group>";
		};
		C361F13D1BDA282C00270E80 /* GLProgram */ = {
			isa = PBXGroup;
			children = (
				C3656D7F1BE45EFC00D4B5D8 /* GameController.cpp */,
				C3656D801BE45EFC00D4B5D8 /* GameController.hpp */,
				C35406B91C22998600D78770 /* GLESBaseProgram.cpp */,
				C35406BA1C22998600D78770 /* GLESBaseProgram.hpp */,
				C3656D7C1BE45E0A00D4B5D8 /* GLESProgram.cpp */,
				C3656D7D1BE45E0A00D4B5D8 /* GLESProgram.hpp */,
				C35921EA1BE8875C008F7ED9 /* GLESFunction.c */,
				C35921EB1BE8875C008F7ED9 /* GLESFunction.h */,
				C368FE361C0458AF00F0C5B2 /* GLESCamera.cpp */,
				C368FE371C0458AF00F0C5B2 /* GLESCamera.hpp */,
			);
			path = GLProgram;
			sourceTree = "<group>";
		};
		C3656D841BE45F7F00D4B5D8 /* common */ = {
			isa = PBXGroup;
			children = (
				C3A3433D1C102E8B00FF2A86 /* Define.h */,
				C3656D851BE4604600D4B5D8 /* Singleton.cpp */,
				C3656D861BE4604600D4B5D8 /* Singleton.hpp */,
				C368FE261C044E4000F0C5B2 /* math */,
			);
			path = common;
			sourceTree = "<group>";
		};
		C368FE191C0449A900F0C5B2 /* FFBObject2D */ = {
			isa = PBXGroup;
			children = (
				C393CBA11C1160F1005A5E31 /* Object.cpp */,
				C393CBA21C1160F1005A5E31 /* Object.hpp */,
				C34CF1991C16872000CF842E /* DrawObject.cpp */,
				C34CF19A1C16872000CF842E /* DrawObject.hpp */,
				C393CB9E1C11605C005A5E31 /* Scene.cpp */,
				C393CB9F1C11605C005A5E31 /* Scene.hpp */,
				C368FE1A1C0449A900F0C5B2 /* DrawObject */,
				C368FE251C044C5C00F0C5B2 /* StaticObject */,
				C368FE241C044C5C00F0C5B2 /* MoveObject */,
			);
			name = FFBObject2D;
			path = FFBObject;
			sourceTree = "<group>";
		};
		C368FE1A1C0449A900F0C5B2 /* DrawObject */ = {
			isa = PBXGroup;
			children = (
			);
			path = DrawObject;
			sourceTree = "<group>";
		};
		C368FE241C044C5C00F0C5B2 /* MoveObject */ = {
			isa = PBXGroup;
			children = (
			);
			path = MoveObject;
			sourceTree = "<group>";
		};
		C368FE251C044C5C00F0C5B2 /* StaticObject */ = {
			isa = PBXGroup;
			children = (
			);
			path = StaticObject;
			sourceTree = "<group>";
		};
		C368FE261C044E4000F0C5B2 /* math */ = {
			isa = PBXGroup;
			children = (
				C368FE281C044E4000F0C5B2 /* SimpleMath.h */,
				C368FE301C04552900F0C5B2 /* Matrix.cpp */,
				C368FE311C04552900F0C5B2 /* Matrix.h */,
				C368FE331C04553C00F0C5B2 /* BasicData2d.cpp */,
				C368FE341C04553C00F0C5B2 /* BasicData2d.h */,
				C351CE701C3A2FBA00E47E9D /* Vector3.hpp */,
				C351CE761C3A37EB00E47E9D /* MathUtil.cpp */,
				C351CE771C3A37EB00E47E9D /* MathUtil.hpp */,
			);
			path = math;
			sourceTree = "<group>";
		};
		C368FE391C04590C00F0C5B2 /* Basic */ = {
			isa = PBXGroup;
			children = (
				C38FEF551C3CD3B400D05717 /* handle */,
				C38A03941C21608600C30815 /* platform */,
				C368FE3A1C04591E00F0C5B2 /* BasicPtrClass.cpp */,
				C368FE3B1C04591E00F0C5B2 /* BasicPtrClass.hpp */,
			);
			path = Basic;
			sourceTree = "<group>";
		};
		C36A852B1BD2144C0045B7D3 = {
			isa = PBXGroup;
			children = (
				C361F13E1BDA291600270E80 /* Default-568h@2x.png */,
				C36A85361BD2144C0045B7D3 /* FlyFishBirdEngine */,
				C36A85351BD2144C0045B7D3 /* Products */,
			);
			sourceTree = "<group>";
		};
		C36A85351BD2144C0045B7D3 /* Products */ = {
			isa = PBXGroup;
			children = (
				C36A85341BD2144C0045B7D3 /* FlyFishBirdEngine.app */,
			);
			name = Products;
			sourceTree = "<group>";
		};
		C36A85361BD2144C0045B7D3 /* FlyFishBirdEngine */ = {
			isa = PBXGroup;
			children = (
				C38A038F1C21327900C30815 /* Shader.fsh */,
				C38A03911C21327E00C30815 /* Shader.vsh */,
				C3656D841BE45F7F00D4B5D8 /* common */,
				C368FE391C04590C00F0C5B2 /* Basic */,
				C34CF1911C16795500CF842E /* mesh */,
				C368FE191C0449A900F0C5B2 /* FFBObject2D */,
				C361F13D1BDA282C00270E80 /* GLProgram */,
				C36A853A1BD2144C0045B7D3 /* AppDelegate.h */,
				C36A853B1BD2144C0045B7D3 /* AppDelegate.m */,
				C33EBAA41BE35E16002D3940 /* FFBViewController.h */,
				C38FEF621C3CFF2800D05717 /* FFBViewController.mm */,
				C35109EA1C1C2162006BC47D /* Main.storyboard */,
				C35109E71C1C10AC006BC47D /* ipad-152.png */,
				C33527DC1C1AD4B200258022 /* login.png */,
				C36A85481BD2144C0045B7D3 /* Info.plist */,
				C35109E51C1C0FC5006BC47D /* Images.xcassets */,
				C36A85371BD2144C0045B7D3 /* Supporting Files */,
			);
			path = FlyFishBirdEngine;
			sourceTree = "<group>";
		};
		C36A85371BD2144C0045B7D3 /* Supporting Files */ = {
			isa = PBXGroup;
			children = (
				C36A85381BD2144C0045B7D3 /* main.m */,
			);
			name = "Supporting Files";
			sourceTree = "<group>";
		};
		C36AFB9A1C239FFD005565CF /* font */ = {
			isa = PBXGroup;
			children = (
				C36AFBA61C23C845005565CF /* Font-ios.mm */,
				C36AFBA71C23C845005565CF /* Font.h */,
			);
			path = font;
			sourceTree = "<group>";
		};
		C38A03941C21608600C30815 /* platform */ = {
			isa = PBXGroup;
			children = (
				C36AFB9A1C239FFD005565CF /* font */,
				C38A03951C21608600C30815 /* file read */,
				C38A03961C21608600C30815 /* image */,
			);
			path = platform;
			sourceTree = "<group>";
		};
		C38A03951C21608600C30815 /* file read */ = {
			isa = PBXGroup;
			children = (
				C38A03A91C21668500C30815 /* ReadFile-ios.mm */,
				C38A03AA1C21668500C30815 /* ReadFile.h */,
			);
			path = "file read";
			sourceTree = "<group>";
		};
		C38A03961C21608600C30815 /* image */ = {
			isa = PBXGroup;
			children = (
				C38A039E1C2160D700C30815 /* Image-ios.mm */,
				C38A03A71C21615F00C30815 /* Image.h */,
			);
			path = image;
			sourceTree = "<group>";
		};
		C38FEF551C3CD3B400D05717 /* handle */ = {
			isa = PBXGroup;
			children = (
				C38FEF561C3CD3B400D05717 /* Handle.cpp */,
				C38FEF571C3CD3B400D05717 /* Handle.hpp */,
				C38FEF581C3CD3B400D05717 /* HandleMgr.cpp */,
				C38FEF591C3CD3B400D05717 /* HandleMgr.hpp */,
				C38FEF5A1C3CD3B400D05717 /* TextureMgr.cpp */,
				C38FEF5B1C3CD3B400D05717 /* TextureMgr.hpp */,
			);
			path = handle;
			sourceTree = "<group>";
		};
/* End PBXGroup section */

/* Begin PBXNativeTarget section */
		C36A85331BD2144C0045B7D3 /* FlyFishBirdEngine */ = {
			isa = PBXNativeTarget;
			buildConfigurationList = C36A854B1BD2144C0045B7D3 /* Build configuration list for PBXNativeTarget "FlyFishBirdEngine" */;
			buildPhases = (
				C36A85301BD2144C0045B7D3 /* Sources */,
				C36A85311BD2144C0045B7D3 /* Frameworks */,
				C36A85321BD2144C0045B7D3 /* Resources */,
			);
			buildRules = (
			);
			dependencies = (
			);
			name = FlyFishBirdEngine;
			productName = FlyFishBirdEngine;
			productReference = C36A85341BD2144C0045B7D3 /* FlyFishBirdEngine.app */;
			productType = "com.apple.product-type.application";
		};
/* End PBXNativeTarget section */

/* Begin PBXProject section */
		C36A852C1BD2144C0045B7D3 /* Project object */ = {
			isa = PBXProject;
			attributes = {
				CLASSPREFIX = "";
				LastUpgradeCheck = 0720;
				ORGANIZATIONNAME = FlyFishBird;
				TargetAttributes = {
					C36A85331BD2144C0045B7D3 = {
						CreatedOnToolsVersion = 7.0.1;
						DevelopmentTeam = B56K55UHLY;
					};
				};
			};
			buildConfigurationList = C36A852F1BD2144C0045B7D3 /* Build configuration list for PBXProject "FlyFishBirdEngine" */;
			compatibilityVersion = "Xcode 3.2";
			developmentRegion = English;
			hasScannedForEncodings = 0;
			knownRegions = (
				en,
				Base,
			);
			mainGroup = C36A852B1BD2144C0045B7D3;
			productRefGroup = C36A85351BD2144C0045B7D3 /* Products */;
			projectDirPath = "";
			projectRoot = "";
			targets = (
				C36A85331BD2144C0045B7D3 /* FlyFishBirdEngine */,
			);
		};
/* End PBXProject section */

/* Begin PBXResourcesBuildPhase section */
		C36A85321BD2144C0045B7D3 /* Resources */ = {
			isa = PBXResourcesBuildPhase;
			buildActionMask = 2147483647;
			files = (
				C38A03901C21327900C30815 /* Shader.fsh in Resources */,
				C38A03921C21327E00C30815 /* Shader.vsh in Resources */,
				C33527DD1C1AD4B200258022 /* login.png in Resources */,
				C35109E61C1C0FC5006BC47D /* Images.xcassets in Resources */,
				C35109E81C1C10AC006BC47D /* ipad-152.png in Resources */,
				C35109EC1C1C2162006BC47D /* Main.storyboard in Resources */,
				C361F13F1BDA291600270E80 /* Default-568h@2x.png in Resources */,
			);
			runOnlyForDeploymentPostprocessing = 0;
		};
/* End PBXResourcesBuildPhase section */

/* Begin PBXSourcesBuildPhase section */
		C36A85301BD2144C0045B7D3 /* Sources */ = {
			isa = PBXSourcesBuildPhase;
			buildActionMask = 2147483647;
			files = (
				C3656D7E1BE45E0A00D4B5D8 /* GLESProgram.cpp in Sources */,
				C368FE321C04552900F0C5B2 /* Matrix.cpp in Sources */,
				C3656D811BE45EFC00D4B5D8 /* GameController.cpp in Sources */,
				C368FE351C04553C00F0C5B2 /* BasicData2d.cpp in Sources */,
				C35921EC1BE8875C008F7ED9 /* GLESFunction.c in Sources */,
				C38FEF641C3D024F00D05717 /* DrawObject.cpp in Sources */,
				C38FEF6A1C3D024F00D05717 /* ReadFile-ios.mm in Sources */,
				C38FEF5C1C3CD3B400D05717 /* Handle.cpp in Sources */,
				C38FEF691C3D024F00D05717 /* Mesh.cpp in Sources */,
				C38FEF631C3CFF2800D05717 /* FFBViewController.mm in Sources */,
				C38A039F1C2160D700C30815 /* Image-ios.mm in Sources */,
				C35406BB1C22998600D78770 /* GLESBaseProgram.cpp in Sources */,
				C36A853C1BD2144C0045B7D3 /* AppDelegate.m in Sources */,
				C368FE381C0458AF00F0C5B2 /* GLESCamera.cpp in Sources */,
				C368FE3C1C04591E00F0C5B2 /* BasicPtrClass.cpp in Sources */,
				C3656D871BE4604600D4B5D8 /* Singleton.cpp in Sources */,
				C36803DF1C200691007997DF /* Renderer.cpp in Sources */,
				C36A85391BD2144C0045B7D3 /* main.m in Sources */,
				C38FEF671C3D024F00D05717 /* Scene.cpp in Sources */,
				C38FEF651C3D024F00D05717 /* Object.cpp in Sources */,
				C351CE781C3A37EB00E47E9D /* MathUtil.cpp in Sources */,
				C38FEF5E1C3CD3B400D05717 /* TextureMgr.cpp in Sources */,
				C38FEF661C3D024F00D05717 /* Font-ios.mm in Sources */,
				C38FEF681C3D024F00D05717 /* Texture2D.cpp in Sources */,
				C38FEF5D1C3CD3B400D05717 /* HandleMgr.cpp in Sources */,
			);
			runOnlyForDeploymentPostprocessing = 0;
		};
/* End PBXSourcesBuildPhase section */

/* Begin XCBuildConfiguration section */
		C36A85491BD2144C0045B7D3 /* Debug */ = {
			isa = XCBuildConfiguration;
			buildSettings = {
				ALWAYS_SEARCH_USER_PATHS = NO;
				CLANG_CXX_LANGUAGE_STANDARD = "gnu++0x";
				CLANG_CXX_LIBRARY = "libc++";
				CLANG_ENABLE_MODULES = YES;
				CLANG_ENABLE_OBJC_ARC = YES;
				CLANG_WARN_BOOL_CONVERSION = YES;
				CLANG_WARN_CONSTANT_CONVERSION = YES;
				CLANG_WARN_DIRECT_OBJC_ISA_USAGE = YES_ERROR;
				CLANG_WARN_EMPTY_BODY = YES;
				CLANG_WARN_ENUM_CONVERSION = YES;
				CLANG_WARN_INT_CONVERSION = YES;
				CLANG_WARN_OBJC_ROOT_CLASS = YES_ERROR;
				CLANG_WARN_UNREACHABLE_CODE = YES;
				CLANG_WARN__DUPLICATE_METHOD_MATCH = YES;
				"CODE_SIGN_IDENTITY[sdk=iphoneos*]" = "iPhone Developer";
				COPY_PHASE_STRIP = NO;
				DEBUG_INFORMATION_FORMAT = dwarf;
				ENABLE_STRICT_OBJC_MSGSEND = YES;
				ENABLE_TESTABILITY = YES;
				GCC_C_LANGUAGE_STANDARD = gnu99;
				GCC_DYNAMIC_NO_PIC = NO;
				GCC_NO_COMMON_BLOCKS = YES;
				GCC_OPTIMIZATION_LEVEL = 0;
				GCC_PREPROCESSOR_DEFINITIONS = (
					"DEBUG=1",
					"$(inherited)",
				);
				GCC_WARN_64_TO_32_BIT_CONVERSION = YES;
				GCC_WARN_ABOUT_RETURN_TYPE = YES_ERROR;
				GCC_WARN_UNDECLARED_SELECTOR = YES;
				GCC_WARN_UNINITIALIZED_AUTOS = YES_AGGRESSIVE;
				GCC_WARN_UNUSED_FUNCTION = YES;
				GCC_WARN_UNUSED_VARIABLE = YES;
				IPHONEOS_DEPLOYMENT_TARGET = 9.0;
				MTL_ENABLE_DEBUG_INFO = YES;
				ONLY_ACTIVE_ARCH = YES;
				SDKROOT = iphoneos;
			};
			name = Debug;
		};
		C36A854A1BD2144C0045B7D3 /* Release */ = {
			isa = XCBuildConfiguration;
			buildSettings = {
				ALWAYS_SEARCH_USER_PATHS = NO;
				CLANG_CXX_LANGUAGE_STANDARD = "gnu++0x";
				CLANG_CXX_LIBRARY = "libc++";
				CLANG_ENABLE_MODULES = YES;
				CLANG_ENABLE_OBJC_ARC = YES;
				CLANG_WARN_BOOL_CONVERSION = YES;
				CLANG_WARN_CONSTANT_CONVERSION = YES;
				CLANG_WARN_DIRECT_OBJC_ISA_USAGE = YES_ERROR;
				CLANG_WARN_EMPTY_BODY = YES;
				CLANG_WARN_ENUM_CONVERSION = YES;
				CLANG_WARN_INT_CONVERSION = YES;
				CLANG_WARN_OBJC_ROOT_CLASS = YES_ERROR;
				CLANG_WARN_UNREACHABLE_CODE = YES;
				CLANG_WARN__DUPLICATE_METHOD_MATCH = YES;
				"CODE_SIGN_IDENTITY[sdk=iphoneos*]" = "iPhone Developer";
				COPY_PHASE_STRIP = NO;
				DEBUG_INFORMATION_FORMAT = "dwarf-with-dsym";
				ENABLE_NS_ASSERTIONS = NO;
				ENABLE_STRICT_OBJC_MSGSEND = YES;
				GCC_C_LANGUAGE_STANDARD = gnu99;
				GCC_NO_COMMON_BLOCKS = YES;
				GCC_WARN_64_TO_32_BIT_CONVERSION = YES;
				GCC_WARN_ABOUT_RETURN_TYPE = YES_ERROR;
				GCC_WARN_UNDECLARED_SELECTOR = YES;
				GCC_WARN_UNINITIALIZED_AUTOS = YES_AGGRESSIVE;
				GCC_WARN_UNUSED_FUNCTION = YES;
				GCC_WARN_UNUSED_VARIABLE = YES;
				IPHONEOS_DEPLOYMENT_TARGET = 9.0;
				MTL_ENABLE_DEBUG_INFO = NO;
				SDKROOT = iphoneos;
				VALIDATE_PRODUCT = YES;
			};
			name = Release;
		};
		C36A854C1BD2144C0045B7D3 /* Debug */ = {
			isa = XCBuildConfiguration;
			buildSettings = {
				ASSETCATALOG_COMPILER_APPICON_NAME = AppIcon;
				ASSETCATALOG_COMPILER_LAUNCHIMAGE_NAME = LaunchImage;
				CODE_SIGN_IDENTITY = "iPhone Developer";
				"CODE_SIGN_IDENTITY[sdk=iphoneos*]" = "iPhone Developer";
				INFOPLIST_FILE = FlyFishBirdEngine/Info.plist;
				IPHONEOS_DEPLOYMENT_TARGET = 6.0;
				LD_RUNPATH_SEARCH_PATHS = "$(inherited) @executable_path/Frameworks";
				PRODUCT_BUNDLE_IDENTIFIER = com.DevelopGame.FlyFishBirdEngine;
				PRODUCT_NAME = "$(TARGET_NAME)";
				PROVISIONING_PROFILE = "";
			};
			name = Debug;
		};
		C36A854D1BD2144C0045B7D3 /* Release */ = {
			isa = XCBuildConfiguration;
			buildSettings = {
				ASSETCATALOG_COMPILER_APPICON_NAME = AppIcon;
				ASSETCATALOG_COMPILER_LAUNCHIMAGE_NAME = LaunchImage;
				CODE_SIGN_IDENTITY = "iPhone Developer";
				"CODE_SIGN_IDENTITY[sdk=iphoneos*]" = "iPhone Developer";
				INFOPLIST_FILE = FlyFishBirdEngine/Info.plist;
				IPHONEOS_DEPLOYMENT_TARGET = 6.0;
				LD_RUNPATH_SEARCH_PATHS = "$(inherited) @executable_path/Frameworks";
				PRODUCT_BUNDLE_IDENTIFIER = com.DevelopGame.FlyFishBirdEngine;
				PRODUCT_NAME = "$(TARGET_NAME)";
				PROVISIONING_PROFILE = "";
			};
			name = Release;
		};
/* End XCBuildConfiguration section */

/* Begin XCConfigurationList section */
		C36A852F1BD2144C0045B7D3 /* Build configuration list for PBXProject "FlyFishBirdEngine" */ = {
			isa = XCConfigurationList;
			buildConfigurations = (
				C36A85491BD2144C0045B7D3 /* Debug */,
				C36A854A1BD2144C0045B7D3 /* Release */,
			);
			defaultConfigurationIsVisible = 0;
			defaultConfigurationName = Release;
		};
		C36A854B1BD2144C0045B7D3 /* Build configuration list for PBXNativeTarget "FlyFishBirdEngine" */ = {
			isa = XCConfigurationList;
			buildConfigurations = (
				C36A854C1BD2144C0045B7D3 /* Debug */,
				C36A854D1BD2144C0045B7D3 /* Release */,
			);
			defaultConfigurationIsVisible = 0;
			defaultConfigurationName = Release;
		};
/* End XCConfigurationList section */
	};
	rootObject = C36A852C1BD2144C0045B7D3 /* Project object */;
}
